// !$*UTF8*$!
{
	archiveVersion = 1;
	classes = {
	};
	objectVersion = 46;
	objects = {

/* Begin PBXBuildFile section */
		243FBB581A6DC8CF0085317F /* AppDelegate.swift in Sources */ = {isa = PBXBuildFile; fileRef = 243FBB571A6DC8CF0085317F /* AppDelegate.swift */; };
		243FBB5A1A6DC8CF0085317F /* ViewController.swift in Sources */ = {isa = PBXBuildFile; fileRef = 243FBB591A6DC8CF0085317F /* ViewController.swift */; };
		243FBB5D1A6DC8CF0085317F /* Main.storyboard in Resources */ = {isa = PBXBuildFile; fileRef = 243FBB5B1A6DC8CF0085317F /* Main.storyboard */; };
		243FBB5F1A6DC8CF0085317F /* Images.xcassets in Resources */ = {isa = PBXBuildFile; fileRef = 243FBB5E1A6DC8CF0085317F /* Images.xcassets */; };
		243FBB621A6DC8CF0085317F /* LaunchScreen.xib in Resources */ = {isa = PBXBuildFile; fileRef = 243FBB601A6DC8CF0085317F /* LaunchScreen.xib */; };
		243FBB6E1A6DC8CF0085317F /* PostcardTests.swift in Sources */ = {isa = PBXBuildFile; fileRef = 243FBB6D1A6DC8CF0085317F /* PostcardTests.swift */; };
/* End PBXBuildFile section */

/* Begin PBXContainerItemProxy section */
		243FBB681A6DC8CF0085317F /* PBXContainerItemProxy */ = {
			isa = PBXContainerItemProxy;
			containerPortal = 243FBB4A1A6DC8CF0085317F /* Project object */;
			proxyType = 1;
			remoteGlobalIDString = 243FBB511A6DC8CF0085317F;
			remoteInfo = Postcard;
		};
/* End PBXContainerItemProxy section */

/* Begin PBXFileReference section */
		243FBB521A6DC8CF0085317F /* Postcard.app */ = {isa = PBXFileReference; explicitFileType = wrapper.application; includeInIndex = 0; path = Postcard.app; sourceTree = BUILT_PRODUCTS_DIR; };
		243FBB561A6DC8CF0085317F /* Info.plist */ = {isa = PBXFileReference; lastKnownFileType = text.plist.xml; path = Info.plist; sourceTree = "<group>"; };
		243FBB571A6DC8CF0085317F /* AppDelegate.swift */ = {isa = PBXFileReference; lastKnownFileType = sourcecode.swift; path = AppDelegate.swift; sourceTree = "<group>"; };
		243FBB591A6DC8CF0085317F /* ViewController.swift */ = {isa = PBXFileReference; lastKnownFileType = sourcecode.swift; path = ViewController.swift; sourceTree = "<group>"; };
		243FBB5C1A6DC8CF0085317F /* Base */ = {isa = PBXFileReference; lastKnownFileType = file.storyboard; name = Base; path = Base.lproj/Main.storyboard; sourceTree = "<group>"; };
		243FBB5E1A6DC8CF0085317F /* Images.xcassets */ = {isa = PBXFileReference; lastKnownFileType = folder.assetcatalog; path = Images.xcassets; sourceTree = "<group>"; };
		243FBB611A6DC8CF0085317F /* Base */ = {isa = PBXFileReference; lastKnownFileType = file.xib; name = Base; path = Base.lproj/LaunchScreen.xib; sourceTree = "<group>"; };
		243FBB671A6DC8CF0085317F /* PostcardTests.xctest */ = {isa = PBXFileReference; explicitFileType = wrapper.cfbundle; includeInIndex = 0; path = PostcardTests.xctest; sourceTree = BUILT_PRODUCTS_DIR; };
		243FBB6C1A6DC8CF0085317F /* Info.plist */ = {isa = PBXFileReference; lastKnownFileType = text.plist.xml; path = Info.plist; sourceTree = "<group>"; };
		243FBB6D1A6DC8CF0085317F /* PostcardTests.swift */ = {isa = PBXFileReference; lastKnownFileType = sourcecode.swift; path = PostcardTests.swift; sourceTree = "<group>"; };
/* End PBXFileReference section */

/* Begin PBXFrameworksBuildPhase section */
		243FBB4F1A6DC8CF0085317F /* Frameworks */ = {
			isa = PBXFrameworksBuildPhase;
			buildActionMask = 2147483647;
			files = (
			);
			runOnlyForDeploymentPostprocessing = 0;
		};
		243FBB641A6DC8CF0085317F /* Frameworks */ = {
			isa = PBXFrameworksBuildPhase;
			buildActionMask = 2147483647;
			files = (
			);
			runOnlyForDeploymentPostprocessing = 0;
		};
/* End PBXFrameworksBuildPhase section */

/* Begin PBXGroup section */
		243FBB491A6DC8CF0085317F = {
			isa = PBXGroup;
			children = (
				243FBB541A6DC8CF0085317F /* Postcard */,
				243FBB6A1A6DC8CF0085317F /* PostcardTests */,
				243FBB531A6DC8CF0085317F /* Products */,
			);
			sourceTree = "<group>";
		};
		243FBB531A6DC8CF0085317F /* Products */ = {
			isa = PBXGroup;
			children = (
				243FBB521A6DC8CF0085317F /* Postcard.app */,
				243FBB671A6DC8CF0085317F /* PostcardTests.xctest */,
			);
			name = Products;
			sourceTree = "<group>";
		};
		243FBB541A6DC8CF0085317F /* Postcard */ = {
			isa = PBXGroup;
			children = (
				243FBB571A6DC8CF0085317F /* AppDelegate.swift */,
				243FBB591A6DC8CF0085317F /* ViewController.swift */,
				243FBB5B1A6DC8CF0085317F /* Main.storyboard */,
				243FBB5E1A6DC8CF0085317F /* Images.xcassets */,
				243FBB601A6DC8CF0085317F /* LaunchScreen.xib */,
				243FBB551A6DC8CF0085317F /* Supporting Files */,
			);
			path = Postcard;
			sourceTree = "<group>";
		};
		243FBB551A6DC8CF0085317F /* Supporting Files */ = {
			isa = PBXGroup;
			children = (
				243FBB561A6DC8CF0085317F /* Info.plist */,
			);
			name = "Supporting Files";
			sourceTree = "<group>";
		};
		243FBB6A1A6DC8CF0085317F /* PostcardTests */ = {
			isa = PBXGroup;
			children = (
				243FBB6D1A6DC8CF0085317F /* PostcardTests.swift */,
				243FBB6B1A6DC8CF0085317F /* Supporting Files */,
			);
			path = PostcardTests;
			sourceTree = "<group>";
		};
		243FBB6B1A6DC8CF0085317F /* Supporting Files */ = {
			isa = PBXGroup;
			children = (
				243FBB6C1A6DC8CF0085317F /* Info.plist */,
			);
			name = "Supporting Files";
			sourceTree = "<group>";
		};
/* End PBXGroup section */

/* Begin PBXNativeTarget section */
		243FBB511A6DC8CF0085317F /* Postcard */ = {
			isa = PBXNativeTarget;
			buildConfigurationList = 243FBB711A6DC8CF0085317F /* Build configuration list for PBXNativeTarget "Postcard" */;
			buildPhases = (
				243FBB4E1A6DC8CF0085317F /* Sources */,
				243FBB4F1A6DC8CF0085317F /* Frameworks */,
				243FBB501A6DC8CF0085317F /* Resources */,
			);
			buildRules = (
			);
			dependencies = (
			);
			name = Postcard;
			productName = Postcard;
			productReference = 243FBB521A6DC8CF0085317F /* Postcard.app */;
			productType = "com.apple.product-type.application";
		};
		243FBB661A6DC8CF0085317F /* PostcardTests */ = {
			isa = PBXNativeTarget;
			buildConfigurationList = 243FBB741A6DC8CF0085317F /* Build configuration list for PBXNativeTarget "PostcardTests" */;
			buildPhases = (
				243FBB631A6DC8CF0085317F /* Sources */,
				243FBB641A6DC8CF0085317F /* Frameworks */,
				243FBB651A6DC8CF0085317F /* Resources */,
			);
			buildRules = (
			);
			dependencies = (
				243FBB691A6DC8CF0085317F /* PBXTargetDependency */,
			);
			name = PostcardTests;
			productName = PostcardTests;
			productReference = 243FBB671A6DC8CF0085317F /* PostcardTests.xctest */;
			productType = "com.apple.product-type.bundle.unit-test";
		};
/* End PBXNativeTarget section */

/* Begin PBXProject section */
		243FBB4A1A6DC8CF0085317F /* Project object */ = {
			isa = PBXProject;
			attributes = {
				LastUpgradeCheck = 0610;
				ORGANIZATIONNAME = "Beekeeper Group";
				TargetAttributes = {
					243FBB511A6DC8CF0085317F = {
						CreatedOnToolsVersion = 6.1.1;
					};
					243FBB661A6DC8CF0085317F = {
						CreatedOnToolsVersion = 6.1.1;
						TestTargetID = 243FBB511A6DC8CF0085317F;
					};
				};
			};
			buildConfigurationList = 243FBB4D1A6DC8CF0085317F /* Build configuration list for PBXProject "Postcard" */;
			compatibilityVersion = "Xcode 3.2";
			developmentRegion = English;
			hasScannedForEncodings = 0;
			knownRegions = (
				en,
				Base,
			);
			mainGroup = 243FBB491A6DC8CF0085317F;
			productRefGroup = 243FBB531A6DC8CF0085317F /* Products */;
			projectDirPath = "";
			projectRoot = "";
			targets = (
				243FBB511A6DC8CF0085317F /* Postcard */,
				243FBB661A6DC8CF0085317F /* PostcardTests */,
			);
		};
/* End PBXProject section */

/* Begin PBXResourcesBuildPhase section */
		243FBB501A6DC8CF0085317F /* Resources */ = {
			isa = PBXResourcesBuildPhase;
			buildActionMask = 2147483647;
			files = (
				243FBB5D1A6DC8CF0085317F /* Main.storyboard in Resources */,
				243FBB621A6DC8CF0085317F /* LaunchScreen.xib in Resources */,
				243FBB5F1A6DC8CF0085317F /* Images.xcassets in Resources */,
			);
			runOnlyForDeploymentPostprocessing = 0;
		};
		243FBB651A6DC8CF0085317F /* Resources */ = {
			isa = PBXResourcesBuildPhase;
			buildActionMask = 2147483647;
			files = (
			);
			runOnlyForDeploymentPostprocessing = 0;
		};
/* End PBXResourcesBuildPhase section */

/* Begin PBXSourcesBuildPhase section */
		243FBB4E1A6DC8CF0085317F /* Sources */ = {
			isa = PBXSourcesBuildPhase;
			buildActionMask = 2147483647;
			files = (
				243FBB5A1A6DC8CF0085317F /* ViewController.swift in Sources */,
				243FBB581A6DC8CF0085317F /* AppDelegate.swift in Sources */,
			);
			runOnlyForDeploymentPostprocessing = 0;
		};
		243FBB631A6DC8CF0085317F /* Sources */ = {
			isa = PBXSourcesBuildPhase;
			buildActionMask = 2147483647;
			files = (
				243FBB6E1A6DC8CF0085317F /* PostcardTests.swift in Sources */,
			);
			runOnlyForDeploymentPostprocessing = 0;
		};
/* End PBXSourcesBuildPhase section */

/* Begin PBXTargetDependency section */
		243FBB691A6DC8CF0085317F /* PBXTargetDependency */ = {
			isa = PBXTargetDependency;
			target = 243FBB511A6DC8CF0085317F /* Postcard */;
			targetProxy = 243FBB681A6DC8CF0085317F /* PBXContainerItemProxy */;
		};
/* End PBXTargetDependency section */

/* Begin PBXVariantGroup section */
		243FBB5B1A6DC8CF0085317F /* Main.storyboard */ = {
			isa = PBXVariantGroup;
			children = (
				243FBB5C1A6DC8CF0085317F /* Base */,
			);
			name = Main.storyboard;
			sourceTree = "<group>";
		};
		243FBB601A6DC8CF0085317F /* LaunchScreen.xib */ = {
			isa = PBXVariantGroup;
			children = (
				243FBB611A6DC8CF0085317F /* Base */,
			);
			name = LaunchScreen.xib;
			sourceTree = "<group>";
		};
/* End PBXVariantGroup section */

/* Begin XCBuildConfiguration section */
		243FBB6F1A6DC8CF0085317F /* Debug */ = {
			isa = XCBuildConfiguration;
			buildSettings = {
				ALWAYS_SEARCH_USER_PATHS = NO;
				CLANG_CXX_LANGUAGE_STANDARD = "gnu++0x";
				CLANG_CXX_LIBRARY = "libc++";
				CLANG_ENABLE_MODULES = YES;
				CLANG_ENABLE_OBJC_ARC = YES;
				CLANG_WARN_BOOL_CONVERSION = YES;
				CLANG_WARN_CONSTANT_CONVERSION = YES;
				CLANG_WARN_DIRECT_OBJC_ISA_USAGE = YES_ERROR;
				CLANG_WARN_EMPTY_BODY = YES;
				CLANG_WARN_ENUM_CONVERSION = YES;
				CLANG_WARN_INT_CONVERSION = YES;
				CLANG_WARN_OBJC_ROOT_CLASS = YES_ERROR;
				CLANG_WARN_UNREACHABLE_CODE = YES;
				CLANG_WARN__DUPLICATE_METHOD_MATCH = YES;
				"CODE_SIGN_IDENTITY[sdk=iphoneos*]" = "iPhone Developer";
				COPY_PHASE_STRIP = NO;
				ENABLE_STRICT_OBJC_MSGSEND = YES;
				GCC_C_LANGUAGE_STANDARD = gnu99;
				GCC_DYNAMIC_NO_PIC = NO;
				GCC_OPTIMIZATION_LEVEL = 0;
				GCC_PREPROCESSOR_DEFINITIONS = (
					"DEBUG=1",
					"$(inherited)",
				);
				GCC_SYMBOLS_PRIVATE_EXTERN = NO;
				GCC_WARN_64_TO_32_BIT_CONVERSION = YES;
				GCC_WARN_ABOUT_RETURN_TYPE = YES_ERROR;
				GCC_WARN_UNDECLARED_SELECTOR = YES;
				GCC_WARN_UNINITIALIZED_AUTOS = YES_AGGRESSIVE;
				GCC_WARN_UNUSED_FUNCTION = YES;
				GCC_WARN_UNUSED_VARIABLE = YES;
				IPHONEOS_DEPLOYMENT_TARGET = 8.1;
				MTL_ENABLE_DEBUG_INFO = YES;
				ONLY_ACTIVE_ARCH = YES;
				SDKROOT = iphoneos;
				SWIFT_OPTIMIZATION_LEVEL = "-Onone";
				TARGETED_DEVICE_FAMILY = "1,2";
			};
			name = Debug;
		};
		243FBB701A6DC8CF0085317F /* Release */ = {
			isa = XCBuildConfiguration;
			buildSettings = {
				ALWAYS_SEARCH_USER_PATHS = NO;
				CLANG_CXX_LANGUAGE_STANDARD = "gnu++0x";
				CLANG_CXX_LIBRARY = "libc++";
				CLANG_ENABLE_MODULES = YES;
				CLANG_ENABLE_OBJC_ARC = YES;
				CLANG_WARN_BOOL_CONVERSION = YES;
				CLANG_WARN_CONSTANT_CONVERSION = YES;
				CLANG_WARN_DIRECT_OBJC_ISA_USAGE = YES_ERROR;
				CLANG_WARN_EMPTY_BODY = YES;
				CLANG_WARN_ENUM_CONVERSION = YES;
				CLANG_WARN_INT_CONVERSION = YES;
				CLANG_WARN_OBJC_ROOT_CLASS = YES_ERROR;
				CLANG_WARN_UNREACHABLE_CODE = YES;
				CLANG_WARN__DUPLICATE_METHOD_MATCH = YES;
				"CODE_SIGN_IDENTITY[sdk=iphoneos*]" = "iPhone Developer";
				COPY_PHASE_STRIP = YES;
				ENABLE_NS_ASSERTIONS = NO;
				ENABLE_STRICT_OBJC_MSGSEND = YES;
				GCC_C_LANGUAGE_STANDARD = gnu99;
				GCC_WARN_64_TO_32_BIT_CONVERSION = YES;
				GCC_WARN_ABOUT_RETURN_TYPE = YES_ERROR;
				GCC_WARN_UNDECLARED_SELECTOR = YES;
				GCC_WARN_UNINITIALIZED_AUTOS = YES_AGGRESSIVE;
				GCC_WARN_UNUSED_FUNCTION = YES;
				GCC_WARN_UNUSED_VARIABLE = YES;
				IPHONEOS_DEPLOYMENT_TARGET = 8.1;
				MTL_ENABLE_DEBUG_INFO = NO;
				SDKROOT = iphoneos;
				TARGETED_DEVICE_FAMILY = "1,2";
				VALIDATE_PRODUCT = YES;
			};
			name = Release;
		};
		243FBB721A6DC8CF0085317F /* Debug */ = {
			isa = XCBuildConfiguration;
			buildSettings = {
				ASSETCATALOG_COMPILER_APPICON_NAME = AppIcon;
				INFOPLIST_FILE = Postcard/Info.plist;
				LD_RUNPATH_SEARCH_PATHS = "$(inherited) @executable_path/Frameworks";
				PRODUCT_NAME = "$(TARGET_NAME)";
			};
			name = Debug;
		};
		243FBB731A6DC8CF0085317F /* Release */ = {
			isa = XCBuildConfiguration;
			buildSettings = {
				ASSETCATALOG_COMPILER_APPICON_NAME = AppIcon;
				INFOPLIST_FILE = Postcard/Info.plist;
				LD_RUNPATH_SEARCH_PATHS = "$(inherited) @executable_path/Frameworks";
				PRODUCT_NAME = "$(TARGET_NAME)";
			};
			name = Release;
		};
		243FBB751A6DC8CF0085317F /* Debug */ = {
			isa = XCBuildConfiguration;
			buildSettings = {
				BUNDLE_LOADER = "$(TEST_HOST)";
				FRAMEWORK_SEARCH_PATHS = (
					"$(SDKROOT)/Developer/Library/Frameworks",
					"$(inherited)",
				);
				GCC_PREPROCESSOR_DEFINITIONS = (
					"DEBUG=1",
					"$(inherited)",
				);
				INFOPLIST_FILE = PostcardTests/Info.plist;
				LD_RUNPATH_SEARCH_PATHS = "$(inherited) @executable_path/Frameworks @loader_path/Frameworks";
				PRODUCT_NAME = "$(TARGET_NAME)";
				TEST_HOST = "$(BUILT_PRODUCTS_DIR)/Postcard.app/Postcard";
			};
			name = Debug;
		};
		243FBB761A6DC8CF0085317F /* Release */ = {
			isa = XCBuildConfiguration;
			buildSettings = {
				BUNDLE_LOADER = "$(TEST_HOST)";
				FRAMEWORK_SEARCH_PATHS = (
					"$(SDKROOT)/Developer/Library/Frameworks",
					"$(inherited)",
				);
				INFOPLIST_FILE = PostcardTests/Info.plist;
				LD_RUNPATH_SEARCH_PATHS = "$(inherited) @executable_path/Frameworks @loader_path/Frameworks";
				PRODUCT_NAME = "$(TARGET_NAME)";
				TEST_HOST = "$(BUILT_PRODUCTS_DIR)/Postcard.app/Postcard";
			};
			name = Release;
		};
/* End XCBuildConfiguration section */

/* Begin XCConfigurationList section */
		243FBB4D1A6DC8CF0085317F /* Build configuration list for PBXProject "Postcard" */ = {
			isa = XCConfigurationList;
			buildConfigurations = (
				243FBB6F1A6DC8CF0085317F /* Debug */,
				243FBB701A6DC8CF0085317F /* Release */,
			);
			defaultConfigurationIsVisible = 0;
			defaultConfigurationName = Release;
		};
		243FBB711A6DC8CF0085317F /* Build configuration list for PBXNativeTarget "Postcard" */ = {
			isa = XCConfigurationList;
			buildConfigurations = (
				243FBB721A6DC8CF0085317F /* Debug */,
				243FBB731A6DC8CF0085317F /* Release */,
			);
			defaultConfigurationIsVisible = 0;
		};
		243FBB741A6DC8CF0085317F /* Build configuration list for PBXNativeTarget "PostcardTests" */ = {
			isa = XCConfigurationList;
			buildConfigurations = (
				243FBB751A6DC8CF0085317F /* Debug */,
				243FBB761A6DC8CF0085317F /* Release */,
			);
			defaultConfigurationIsVisible = 0;
		};
/* End XCConfigurationList section */
	};
	rootObject = 243FBB4A1A6DC8CF0085317F /* Project object */;
}
